
Microsoft Visual Studio Solution File, Format Version 12.00
# Visual Studio Version 16
VisualStudioVersion = 16.0.30011.22
MinimumVisualStudioVersion = 10.0.40219.1
Project("{FAE04EC0-301F-11D3-BF4B-00C04F79EFBC}") = "L7CrmManager(MVC)", "L7CrmManager(MVC).csproj", "{2E79B79D-A280-4E5D-8EFE-B43429840939}"
EndProject
Global
	GlobalSection(SolutionConfigurationPlatforms) = preSolution
		Debug|Any CPU = Debug|Any CPU
		Release|Any CPU = Release|Any CPU
	EndGlobalSection
	GlobalSection(ProjectConfigurationPlatforms) = postSolution
		{2E79B79D-A280-4E5D-8EFE-B43429840939}.Debug|Any CPU.ActiveCfg = Debug|Any CPU
		{2E79B79D-A280-4E5D-8EFE-B43429840939}.Debug|Any CPU.Build.0 = Debug|Any CPU
		{2E79B79D-A280-4E5D-8EFE-B43429840939}.Release|Any CPU.ActiveCfg = Release|Any CPU
		{2E79B79D-A280-4E5D-8EFE-B43429840939}.Release|Any CPU.Build.0 = Release|Any CPU
	EndGlobalSection
	GlobalSection(SolutionProperties) = preSolution
		HideSolutionNode = FALSE
	EndGlobalSection
	GlobalSection(ExtensibilityGlobals) = postSolution
		SolutionGuid = {F86F2752-EC41-4B1F-83EB-DB82A9366553}
	EndGlobalSection
EndGlobal
