
Microsoft Visual Studio Solution File, Format Version 12.00
# Visual Studio Version 16
VisualStudioVersion = 16.0.30011.22
MinimumVisualStudioVersion = 10.0.40219.1
Project("{FAE04EC0-301F-11D3-BF4B-00C04F79EFBC}") = "CustomerMVC", "CustomerMVC\CustomerMVC.csproj", "{134851C7-C0DF-4573-85B4-81E2F14FE31A}"
EndProject
Global
	GlobalSection(SolutionConfigurationPlatforms) = preSolution
		Debug|Any CPU = Debug|Any CPU
		Release|Any CPU = Release|Any CPU
	EndGlobalSection
	GlobalSection(ProjectConfigurationPlatforms) = postSolution
		{134851C7-C0DF-4573-85B4-81E2F14FE31A}.Debug|Any CPU.ActiveCfg = Debug|Any CPU
		{134851C7-C0DF-4573-85B4-81E2F14FE31A}.Debug|Any CPU.Build.0 = Debug|Any CPU
		{134851C7-C0DF-4573-85B4-81E2F14FE31A}.Release|Any CPU.ActiveCfg = Release|Any CPU
		{134851C7-C0DF-4573-85B4-81E2F14FE31A}.Release|Any CPU.Build.0 = Release|Any CPU
	EndGlobalSection
	GlobalSection(SolutionProperties) = preSolution
		HideSolutionNode = FALSE
	EndGlobalSection
	GlobalSection(ExtensibilityGlobals) = postSolution
		SolutionGuid = {EC09A5FB-7481-4703-8A2E-75168966419B}
	EndGlobalSection
EndGlobal
