
Microsoft Visual Studio Solution File, Format Version 12.00
# Visual Studio Version 16
VisualStudioVersion = 16.0.30011.22
MinimumVisualStudioVersion = 10.0.40219.1
Project("{FAE04EC0-301F-11D3-BF4B-00C04F79EFBC}") = "L4 EagerLazyLoading", "L4 EagerLazyLoading.csproj", "{1839D388-6D02-4101-83A7-7799FC8738E5}"
EndProject
Global
	GlobalSection(SolutionConfigurationPlatforms) = preSolution
		Debug|Any CPU = Debug|Any CPU
		Release|Any CPU = Release|Any CPU
	EndGlobalSection
	GlobalSection(ProjectConfigurationPlatforms) = postSolution
		{1839D388-6D02-4101-83A7-7799FC8738E5}.Debug|Any CPU.ActiveCfg = Debug|Any CPU
		{1839D388-6D02-4101-83A7-7799FC8738E5}.Debug|Any CPU.Build.0 = Debug|Any CPU
		{1839D388-6D02-4101-83A7-7799FC8738E5}.Release|Any CPU.ActiveCfg = Release|Any CPU
		{1839D388-6D02-4101-83A7-7799FC8738E5}.Release|Any CPU.Build.0 = Release|Any CPU
	EndGlobalSection
	GlobalSection(SolutionProperties) = preSolution
		HideSolutionNode = FALSE
	EndGlobalSection
	GlobalSection(ExtensibilityGlobals) = postSolution
		SolutionGuid = {29DA1173-DADC-4A76-BF4C-24DAF456CED9}
	EndGlobalSection
EndGlobal
