
Microsoft Visual Studio Solution File, Format Version 12.00
# Visual Studio Version 16
VisualStudioVersion = 16.0.30204.135
MinimumVisualStudioVersion = 10.0.40219.1
Project("{FAE04EC0-301F-11D3-BF4B-00C04F79EFBC}") = "EFandLambdaExpressions", "EFandLambdaExpressions\EFandLambdaExpressions.csproj", "{E663F601-4FA2-4E8C-95A4-C776EBA9E631}"
EndProject
Global
	GlobalSection(SolutionConfigurationPlatforms) = preSolution
		Debug|Any CPU = Debug|Any CPU
		Release|Any CPU = Release|Any CPU
	EndGlobalSection
	GlobalSection(ProjectConfigurationPlatforms) = postSolution
		{E663F601-4FA2-4E8C-95A4-C776EBA9E631}.Debug|Any CPU.ActiveCfg = Debug|Any CPU
		{E663F601-4FA2-4E8C-95A4-C776EBA9E631}.Debug|Any CPU.Build.0 = Debug|Any CPU
		{E663F601-4FA2-4E8C-95A4-C776EBA9E631}.Release|Any CPU.ActiveCfg = Release|Any CPU
		{E663F601-4FA2-4E8C-95A4-C776EBA9E631}.Release|Any CPU.Build.0 = Release|Any CPU
	EndGlobalSection
	GlobalSection(SolutionProperties) = preSolution
		HideSolutionNode = FALSE
	EndGlobalSection
	GlobalSection(ExtensibilityGlobals) = postSolution
		SolutionGuid = {62A29916-28F1-4775-8D7C-F22362590B81}
	EndGlobalSection
EndGlobal
