
Microsoft Visual Studio Solution File, Format Version 12.00
# Visual Studio Version 16
VisualStudioVersion = 16.0.30011.22
MinimumVisualStudioVersion = 10.0.40219.1
Project("{FAE04EC0-301F-11D3-BF4B-00C04F79EFBC}") = "Lab03_LambdaEx", "Lab03_LambdaEx.csproj", "{0F870B91-F19C-4DF2-B82E-A0F760CCB144}"
EndProject
Global
	GlobalSection(SolutionConfigurationPlatforms) = preSolution
		Debug|Any CPU = Debug|Any CPU
		Release|Any CPU = Release|Any CPU
	EndGlobalSection
	GlobalSection(ProjectConfigurationPlatforms) = postSolution
		{0F870B91-F19C-4DF2-B82E-A0F760CCB144}.Debug|Any CPU.ActiveCfg = Debug|Any CPU
		{0F870B91-F19C-4DF2-B82E-A0F760CCB144}.Debug|Any CPU.Build.0 = Debug|Any CPU
		{0F870B91-F19C-4DF2-B82E-A0F760CCB144}.Release|Any CPU.ActiveCfg = Release|Any CPU
		{0F870B91-F19C-4DF2-B82E-A0F760CCB144}.Release|Any CPU.Build.0 = Release|Any CPU
	EndGlobalSection
	GlobalSection(SolutionProperties) = preSolution
		HideSolutionNode = FALSE
	EndGlobalSection
	GlobalSection(ExtensibilityGlobals) = postSolution
		SolutionGuid = {C86F8F7B-E363-4255-BA1A-68CB8CCAE364}
	EndGlobalSection
EndGlobal
